# This file is generated by running "yarn install" inside your project.
# Manual changes might be lost - proceed with caution!

__metadata:
  version: 6
  cacheKey: 8

"@kurkle/color@npm:^0.3.0":
  version: 0.3.2
  resolution: "@kurkle/color@npm:0.3.2"
  checksum: 79e97b31f8f6efb28c69d373f94b0c7480226fe8ec95221f518ac998e156444a496727ce47de6d728eb5c3369288e794cba82cae34253deb0d472d3bfe080e49
  languageName: node
  linkType: hard

"@vue/reactivity@npm:~3.1.1":
  version: 3.1.5
  resolution: "@vue/reactivity@npm:3.1.5"
  dependencies:
    "@vue/shared": 3.1.5
  checksum: b7dfcaa30aacd658502ce9373d4343d3607486796fbaae28d4ac4ab955cec766c8c6a34cb422965b21154b6319e467c54259cd6da2d9b2687501cd9e36f4197c
  languageName: node
  linkType: hard

"@vue/shared@npm:3.1.5":
  version: 3.1.5
  resolution: "@vue/shared@npm:3.1.5"
  checksum: a34b942e1aeed5d2b0fe887d0804061d2e799ef9a0d641aaae368c6fa9e2bf311e415f02883f26963bd35d90cac165433cfe74360f7ee88304fccaa144422d83
  languageName: node
  linkType: hard

"alpinejs@npm:^3.12.0":
  version: 3.12.0
  resolution: "alpinejs@npm:3.12.0"
  dependencies:
    "@vue/reactivity": ~3.1.1
  checksum: e061efe93e815123c15cb244482298b36dd0ae2f246895253c73b5b7d11aec49dd0ee2bd099f2bdc81dd04a6e577ca70d239831b3cefbfa2871d4f90f1862b2b
  languageName: node
  linkType: hard

"chart.js@npm:^4.2.1":
  version: 4.2.1
  resolution: "chart.js@npm:4.2.1"
  dependencies:
    "@kurkle/color": ^0.3.0
  checksum: 7319fdfd1e29812e87bbc07737e8c9072ff659bbc09ade8dd262f83424cd7e48f89afe5220e11e002c9f236883fae3f3adb8adc16acb4682b0ddcc0b661c3af9
  languageName: node
  linkType: hard

"phoenix@file:../deps/phoenix::locator=root-workspace-0b6124%40workspace%3A.":
  version: 1.7.1
  resolution: "phoenix@file:../deps/phoenix#../deps/phoenix::hash=e4ad6f&locator=root-workspace-0b6124%40workspace%3A."
  checksum: 4d738d8221e3dba29b5e328e9678954594092230348ac91811b56ecb4da5e7e838fed10d37c79ade7dd97ac2d7791430ffb17c9663122ade8ba300aab41e2d86
  languageName: node
  linkType: hard

"phoenix_html@file:../deps/phoenix_html::locator=root-workspace-0b6124%40workspace%3A.":
  version: 3.3.1
  resolution: "phoenix_html@file:../deps/phoenix_html#../deps/phoenix_html::hash=ef5520&locator=root-workspace-0b6124%40workspace%3A."
  checksum: 41a7d393e5671f88c6530c71c176c8f13194a954e4327c70cc694b9c2bd464a9d93f7df22868b64398c709789772fd3ca0f82e0e649250e9ae007f3e8deae3c6
  languageName: node
  linkType: hard

"phoenix_live_view@file:../deps/phoenix_live_view::locator=root-workspace-0b6124%40workspace%3A.":
  version: 0.18.18
  resolution: "phoenix_live_view@file:../deps/phoenix_live_view#../deps/phoenix_live_view::hash=fae0d9&locator=root-workspace-0b6124%40workspace%3A."
  checksum: 011c89f7272b9cbd9813a9fe0e6e3d18426cb7704aa88d7be4fc25796c8ab74e0d12ff2f8ae99808ae96317467fe9c2821614ac4d421e3f416d27268cb2c0a80
  languageName: node
  linkType: hard

"root-workspace-0b6124@workspace:.":
  version: 0.0.0-use.local
  resolution: "root-workspace-0b6124@workspace:."
  dependencies:
    alpinejs: ^3.12.0
    chart.js: ^4.2.1
    phoenix: ../deps/phoenix
    phoenix_html: ../deps/phoenix_html
    phoenix_live_view: ../deps/phoenix_live_view
    topbar: ^2.0.1
  languageName: unknown
  linkType: soft

"topbar@npm:^2.0.1":
  version: 2.0.1
  resolution: "topbar@npm:2.0.1"
  checksum: 5b64c8bf945750e8fcea54ee9acb7e441d57ccdb858d62000af39b1a38cdcf858ddfe5c086c9faca215a6dcc573324a447f6fe2ae8747369c16646461e9a31d5
  languageName: node
  linkType: hard
